{
  "name": "saladict-ztools",
  "version": "1.0.0",
  "lockfileVersion": 3,
  "requires": true,
  "packages": {
    "": {
      "name": "saladict-ztools",
      "version": "1.0.0",
      "dependencies": {
        "axios": "^0.21.0",
        "axios-cookiejar-support": "^1.0.1",
        "tough-cookie": "^4.0.0"
      },
      "devDependencies": {
        "@ztools-center/ztools-api-types": "^1.0.1"
      }
    },
    "node_modules/@types/tough-cookie": {
      "version": "4.0.5",
      "resolved": "https://registry.npmmirror.com/@types/tough-cookie/-/tough-cookie-4.0.5.tgz",
      "integrity": "sha512-/Ad8+nIOV7Rl++6f1BdKxFSMgmoqEoYbHRpPcx3JEfv8VRsQe9Z4mCXeJBzxs7mbHY/XOZZuXlRNfhpVPbs6ZA==",
      "license": "MIT",
      "peer": true
    },
    "node_modules/@ztools-center/ztools-api-types": {
      "version": "1.0.3",
      "resolved": "https://registry.npmmirror.com/@ztools-center/ztools-api-types/-/ztools-api-types-1.0.3.tgz",
      "integrity": "sha512-dv1eOAIasAupqKaQL/gESk1i2+RebdM/1gvZhrvH2D/bo3enCUsAGJ8nrHnlCLBSOGB81eC/SU0IH8BNsUlmvA==",
      "dev": true,
      "license": "MIT"
    },
    "node_modules/axios": {
      "version": "0.21.4",
      "resolved": "https://registry.npmmirror.com/axios/-/axios-0.21.4.tgz",
      "integrity": "sha512-ut5vewkiu8jjGBdqpM44XxjuCjq9LAKeHVmoVfHVzy8eHgxxq8SbAVQNovDA8mVi05kP0Ea/n/UzcSHcTJQfNg==",
      "license": "MIT",
      "dependencies": {
        "follow-redirects": "^1.14.0"
      }
    },
    "node_modules/axios-cookiejar-support": {
      "version": "1.0.1",
      "resolved": "https://registry.npmmirror.com/axios-cookiejar-support/-/axios-cookiejar-support-1.0.1.tgz",
      "integrity": "sha512-IZJxnAJ99XxiLqNeMOqrPbfR7fRyIfaoSLdPUf4AMQEGkH8URs0ghJK/xtqBsD+KsSr3pKl4DEQjCn834pHMig==",
      "license": "MIT",
      "dependencies": {
        "is-redirect": "^1.0.0",
        "pify": "^5.0.0"
      },
      "engines": {
        "node": ">= 10.0.0"
      },
      "peerDependencies": {
        "@types/tough-cookie": ">=2.3.3",
        "axios": ">=0.16.2",
        "tough-cookie": ">=2.3.3"
      }
    },
    "node_modules/follow-redirects": {
      "version": "1.15.11",
      "resolved": "https://registry.npmmirror.com/follow-redirects/-/follow-redirects-1.15.11.tgz",
      "integrity": "sha512-deG2P0JfjrTxl50XGCDyfI97ZGVCxIpfKYmfyrQ54n5FO/0gfIES8C/Psl6kWVDolizcaaxZJnTS0QSMxvnsBQ==",
      "funding": [
        {
          "type": "individual",
          "url": "https://github.com/sponsors/RubenVerborgh"
        }
      ],
      "license": "MIT",
      "engines": {
        "node": ">=4.0"
      },
      "peerDependenciesMeta": {
        "debug": {
          "optional": true
        }
      }
    },
    "node_modules/is-redirect": {
      "version": "1.0.0",
      "resolved": "https://registry.npmmirror.com/is-redirect/-/is-redirect-1.0.0.tgz",
      "integrity": "sha512-cr/SlUEe5zOGmzvj9bUyC4LVvkNVAXu4GytXLNMr1pny+a65MpQ9IJzFHD5vi7FyJgb4qt27+eS3TuQnqB+RQw==",
      "license": "MIT",
      "engines": {
        "node": ">=0.10.0"
      }
    },
    "node_modules/pify": {
      "version": "5.0.0",
      "resolved": "https://registry.npmmirror.com/pify/-/pify-5.0.0.tgz",
      "integrity": "sha512-eW/gHNMlxdSP6dmG6uJip6FXN0EQBwm2clYYd8Wul42Cwu/DK8HEftzsapcNdYe2MfLiIwZqsDk2RDEsTE79hA==",
      "license": "MIT",
      "engines": {
        "node": ">=10"
      },
      "funding": {
        "url": "https://github.com/sponsors/sindresorhus"
      }
    },
    "node_modules/psl": {
      "version": "1.15.0",
      "resolved": "https://registry.npmmirror.com/psl/-/psl-1.15.0.tgz",
      "integrity": "sha512-JZd3gMVBAVQkSs6HdNZo9Sdo0LNcQeMNP3CozBJb3JYC/QUYZTnKxP+f8oWRX4rHP5EurWxqAHTSwUCjlNKa1w==",
      "license": "MIT",
      "dependencies": {
        "punycode": "^2.3.1"
      },
      "funding": {
        "url": "https://github.com/sponsors/lupomontero"
      }
    },
    "node_modules/punycode": {
      "version": "2.3.1",
      "resolved": "https://registry.npmmirror.com/punycode/-/punycode-2.3.1.tgz",
      "integrity": "sha512-vYt7UD1U9Wg6138shLtLOvdAu+8DsC/ilFtEVHcH+wydcSpNE20AfSOduf6MkRFahL5FY7X1oU7nKVZFtfq8Fg==",
      "license": "MIT",
      "engines": {
        "node": ">=6"
      }
    },
    "node_modules/querystringify": {
      "version": "2.2.0",
      "resolved": "https://registry.npmmirror.com/querystringify/-/querystringify-2.2.0.tgz",
      "integrity": "sha512-FIqgj2EUvTa7R50u0rGsyTftzjYmv/a3hO345bZNrqabNqjtgiDMgmo4mkUjd+nzU5oF3dClKqFIPUKybUyqoQ==",
      "license": "MIT"
    },
    "node_modules/requires-port": {
      "version": "1.0.0",
      "resolved": "https://registry.npmmirror.com/requires-port/-/requires-port-1.0.0.tgz",
      "integrity": "sha512-KigOCHcocU3XODJxsu8i/j8T9tzT4adHiecwORRQ0ZZFcp7ahwXuRU1m+yuO90C5ZUyGeGfocHDI14M3L3yDAQ==",
      "license": "MIT"
    },
    "node_modules/tough-cookie": {
      "version": "4.1.4",
      "resolved": "https://registry.npmmirror.com/tough-cookie/-/tough-cookie-4.1.4.tgz",
      "integrity": "sha512-Loo5UUvLD9ScZ6jh8beX1T6sO1w2/MpCRpEP7V280GKMVUQ0Jzar2U3UJPsrdbziLEMMhu3Ujnq//rhiFuIeag==",
      "license": "BSD-3-Clause",
      "dependencies": {
        "psl": "^1.1.33",
        "punycode": "^2.1.1",
        "universalify": "^0.2.0",
        "url-parse": "^1.5.3"
      },
      "engines": {
        "node": ">=6"
      }
    },
    "node_modules/universalify": {
      "version": "0.2.0",
      "resolved": "https://registry.npmmirror.com/universalify/-/universalify-0.2.0.tgz",
      "integrity": "sha512-CJ1QgKmNg3CwvAv/kOFmtnEN05f0D/cn9QntgNOQlQF9dgvVTHj3t+8JPdjqawCHk7V/KA+fbUqzZ9XWhcqPUg==",
      "license": "MIT",
      "engines": {
        "node": ">= 4.0.0"
      }
    },
    "node_modules/url-parse": {
      "version": "1.5.10",
      "resolved": "https://registry.npmmirror.com/url-parse/-/url-parse-1.5.10.tgz",
      "integrity": "sha512-WypcfiRhfeUP9vvF0j6rw0J3hrWrw6iZv3+22h6iRMJ/8z1Tj6XfLP4DsUix5MhMPnXpiHDoKyoZ/bdCkwBCiQ==",
      "license": "MIT",
      "dependencies": {
        "querystringify": "^2.1.1",
        "requires-port": "^1.0.0"
      }
    }
  }
}
